
Microsoft Visual Studio Solution File, Format Version 12.00
# Visual Studio Version 16
VisualStudioVersion = 16.0.29911.84
MinimumVisualStudioVersion = 10.0.40219.1
Project("{8BC9CEB8-8B4A-11D0-8D11-00A0C91BC942}") = "Week9_Homework1", "Week9_Homework1.vcxproj", "{B19FE287-824B-47D3-A6E9-16D37F2986B8}"
EndProject
Global
	GlobalSection(SolutionConfigurationPlatforms) = preSolution
		Debug|x64 = Debug|x64
		Debug|x86 = Debug|x86
		Release|x64 = Release|x64
		Release|x86 = Release|x86
	EndGlobalSection
	GlobalSection(ProjectConfigurationPlatforms) = postSolution
		{B19FE287-824B-47D3-A6E9-16D37F2986B8}.Debug|x64.ActiveCfg = Debug|x64
		{B19FE287-824B-47D3-A6E9-16D37F2986B8}.Debug|x64.Build.0 = Debug|x64
		{B19FE287-824B-47D3-A6E9-16D37F2986B8}.Debug|x86.ActiveCfg = Debug|Win32
		{B19FE287-824B-47D3-A6E9-16D37F2986B8}.Debug|x86.Build.0 = Debug|Win32
		{B19FE287-824B-47D3-A6E9-16D37F2986B8}.Release|x64.ActiveCfg = Release|x64
		{B19FE287-824B-47D3-A6E9-16D37F2986B8}.Release|x64.Build.0 = Release|x64
		{B19FE287-824B-47D3-A6E9-16D37F2986B8}.Release|x86.ActiveCfg = Release|Win32
		{B19FE287-824B-47D3-A6E9-16D37F2986B8}.Release|x86.Build.0 = Release|Win32
	EndGlobalSection
	GlobalSection(SolutionProperties) = preSolution
		HideSolutionNode = FALSE
	EndGlobalSection
	GlobalSection(ExtensibilityGlobals) = postSolution
		SolutionGuid = {25EFEC11-F748-4F9B-9804-5090A3989510}
	EndGlobalSection
EndGlobal
